hash: b7587bc499917c65e698a5cfef2fac9dee75b1f39b74f1731238a2b8f3c0c3d1
updated: 2017-01-15T12:28:17.609375-08:00
imports:
- name: github.com/boltdb/bolt
  version: 583e8937c61f1af6513608ccc75c97b6abdf4ff9
- name: github.com/keybase/kbfs
  version: a14a698afc1ea736daafcfa64800b607058cc0f3
  subpackages:
  - dokan
  - dokan/winacl
- name: golang.org/x/net
  version: f2499483f923065a842d38eb4c7f1927e6fc6e6d
  subpackages:
  - context
- name: golang.org/x/sys
  version: d75a52659825e75fff6158388dddc6a5b04f9ba5
  subpackages:
  - unix
  - windows
testImports: []
